
Microsoft Visual Studio Solution File, Format Version 12.00
# Visual Studio Version 16
VisualStudioVersion = 16.0.30413.136
MinimumVisualStudioVersion = 10.0.40219.1
Project("{9A19103F-16F7-4668-BE54-9A1E7A4F7556}") = "DesignPatterns", "DesignPatterns.csproj", "{1C880EBD-9C88-4C03-B348-B2014D6AE5CE}"
EndProject
Global
	GlobalSection(SolutionConfigurationPlatforms) = preSolution
		Debug|Any CPU = Debug|Any CPU
		Release|Any CPU = Release|Any CPU
	EndGlobalSection
	GlobalSection(ProjectConfigurationPlatforms) = postSolution
		{1C880EBD-9C88-4C03-B348-B2014D6AE5CE}.Debug|Any CPU.ActiveCfg = Debug|Any CPU
		{1C880EBD-9C88-4C03-B348-B2014D6AE5CE}.Debug|Any CPU.Build.0 = Debug|Any CPU
		{1C880EBD-9C88-4C03-B348-B2014D6AE5CE}.Release|Any CPU.ActiveCfg = Release|Any CPU
		{1C880EBD-9C88-4C03-B348-B2014D6AE5CE}.Release|Any CPU.Build.0 = Release|Any CPU
	EndGlobalSection
	GlobalSection(SolutionProperties) = preSolution
		HideSolutionNode = FALSE
	EndGlobalSection
	GlobalSection(ExtensibilityGlobals) = postSolution
		SolutionGuid = {FBF5D80C-DE37-430C-A48C-54D6491A74D5}
	EndGlobalSection
EndGlobal
